
Microsoft Visual Studio Solution File, Format Version 12.00
# Visual Studio Version 16
VisualStudioVersion = 16.0.30413.136
MinimumVisualStudioVersion = 10.0.40219.1
Project("{8BC9CEB8-8B4A-11D0-8D11-00A0C91BC942}") = "vulkan-map-editor", "vulkan-map-editor.vcxproj", "{0CC814B2-B29A-325A-8E11-094720C6E087}"
EndProject
Global
	GlobalSection(SolutionConfigurationPlatforms) = preSolution
		Debug|x64 = Debug|x64
		Release|x64 = Release|x64
	EndGlobalSection
	GlobalSection(ProjectConfigurationPlatforms) = postSolution
		{0CC814B2-B29A-325A-8E11-094720C6E087}.Debug|x64.ActiveCfg = Debug|x64
		{0CC814B2-B29A-325A-8E11-094720C6E087}.Debug|x64.Build.0 = Debug|x64
		{0CC814B2-B29A-325A-8E11-094720C6E087}.Release|x64.ActiveCfg = Release|x64
		{0CC814B2-B29A-325A-8E11-094720C6E087}.Release|x64.Build.0 = Release|x64
	EndGlobalSection
	GlobalSection(SolutionProperties) = preSolution
		HideSolutionNode = FALSE
	EndGlobalSection
	GlobalSection(ExtensibilityGlobals) = postSolution
		SolutionGuid = {252CA88E-36BE-4F52-8FB5-CC26EE45819E}
	EndGlobalSection
EndGlobal
